#MicroXplorer Configuration settings - do not modify
#Wed Jan 14 19:01:21 CST 2015
ADC1.Channel=ADC_CHANNEL_14
ADC1.Channel-2\#ChannelRegularConversion=ADC_CHANNEL_8
ADC1.IPParameters=SamplingTime-2\#ChannelRegularConversion,Channel,Rank-2\#ChannelRegularConversion,Channel-2\#ChannelRegularConversion,master,NbrOfConversionFlag
ADC1.NbrOfConversionFlag=1
ADC1.Rank-2\#ChannelRegularConversion=1
ADC1.SamplingTime-2\#ChannelRegularConversion=ADC_SAMPLETIME_3CYCLES
ADC1.master=1
ADC2.Channel=ADC_CHANNEL_14
ADC2.Channel-4\#ChannelRegularConversion=ADC_CHANNEL_8
ADC2.IPParameters=Channel,SamplingTime-4\#ChannelRegularConversion,NbrOfConversionFlag,Channel-4\#ChannelRegularConversion,Rank-4\#ChannelRegularConversion
ADC2.NbrOfConversionFlag=1
ADC2.Rank-4\#ChannelRegularConversion=1
ADC2.SamplingTime-4\#ChannelRegularConversion=ADC_SAMPLETIME_3CYCLES
File.Version=4
KeepUserPlacement=false
Mcu.Family=STM32F4
Mcu.IP0=ADC1
Mcu.IP1=ADC2
Mcu.IP10=SPI2
Mcu.IP11=SYS
Mcu.IP12=USART1
Mcu.IP13=USART2
Mcu.IP14=USART3
Mcu.IP2=DAC
Mcu.IP3=FSMC
Mcu.IP4=I2C1
Mcu.IP5=I2C2
Mcu.IP6=I2C3
Mcu.IP7=NVIC
Mcu.IP8=RCC
Mcu.IP9=SPI1
Mcu.IPNb=15
Mcu.Name=STM32F417V(E-G)Tx
Mcu.Package=LQFP100
Mcu.Pin0=PC14-OSC32_IN
Mcu.Pin1=PC15-OSC32_OUT
Mcu.Pin10=PA2
Mcu.Pin11=PA3
Mcu.Pin12=PA4
Mcu.Pin13=PA5
Mcu.Pin14=PC4
Mcu.Pin15=PC5
Mcu.Pin16=PB0
Mcu.Pin17=PB1
Mcu.Pin18=PE7
Mcu.Pin19=PE8
Mcu.Pin2=PH0-OSC_IN
Mcu.Pin20=PE9
Mcu.Pin21=PE10
Mcu.Pin22=PE11
Mcu.Pin23=PE12
Mcu.Pin24=PE13
Mcu.Pin25=PE14
Mcu.Pin26=PE15
Mcu.Pin27=PB10
Mcu.Pin28=PB11
Mcu.Pin29=PB12
Mcu.Pin3=PH1-OSC_OUT
Mcu.Pin30=PB13
Mcu.Pin31=PB14
Mcu.Pin32=PB15
Mcu.Pin33=PD8
Mcu.Pin34=PD9
Mcu.Pin35=PD10
Mcu.Pin36=PD11
Mcu.Pin37=PD12
Mcu.Pin38=PD14
Mcu.Pin39=PD15
Mcu.Pin4=PC0
Mcu.Pin40=PC9
Mcu.Pin41=PA8
Mcu.Pin42=PA9
Mcu.Pin43=PA10
Mcu.Pin44=PA11
Mcu.Pin45=PA12
Mcu.Pin46=PA13
Mcu.Pin47=PA14
Mcu.Pin48=PA15
Mcu.Pin49=PC10
Mcu.Pin5=PC1
Mcu.Pin50=PC11
Mcu.Pin51=PD0
Mcu.Pin52=PD1
Mcu.Pin53=PD4
Mcu.Pin54=PD5
Mcu.Pin55=PD6
Mcu.Pin56=PD7
Mcu.Pin57=PB3
Mcu.Pin58=PB4
Mcu.Pin59=PB5
Mcu.Pin6=PC2
Mcu.Pin60=PB6
Mcu.Pin61=PB7
Mcu.Pin7=PC3
Mcu.Pin8=PA0-WKUP
Mcu.Pin9=PA1
Mcu.PinsNb=62
Mcu.UserName=STM32F417VETx
MxCube.Version=4.5.0
NVIC.PriorityGroup=NVIC_PRIORITYGROUP_4
NVIC.SysTick_IRQn=true\:0\:0\:false
PA0-WKUP.Mode=CTS_RTS
PA0-WKUP.Signal=USART2_CTS
PA1.Mode=CTS_RTS
PA1.Signal=USART2_RTS
PA10.Mode=Asynchronous
PA10.Signal=USART1_RX
PA11.Mode=CTS_RTS
PA11.Signal=USART1_CTS
PA12.Mode=CTS_RTS
PA12.Signal=USART1_RTS
PA13.Mode=Serial-Wire
PA13.Signal=SYS_JTMS-SWDIO
PA14.Mode=Serial-Wire
PA14.Signal=SYS_JTCK-SWCLK
PA15.Mode=NSS_Signal_Hard
PA15.Signal=SPI1_NSS
PA2.Mode=Asynchronous
PA2.Signal=USART2_TX
PA3.Mode=Asynchronous
PA3.Signal=USART2_RX
PA4.Signal=COMP_DAC1_group
PA5.Signal=COMP_DAC2_group
PA8.Mode=I2C
PA8.Signal=I2C3_SCL
PA9.Mode=Asynchronous
PA9.Signal=USART1_TX
PB0.Signal=ADCx_IN8
PB1.Signal=ADCx_IN9
PB10.Mode=I2C
PB10.Signal=I2C2_SCL
PB11.Mode=I2C
PB11.Signal=I2C2_SDA
PB12.Mode=NSS_Signal_Hard
PB12.Signal=SPI2_NSS
PB13.Mode=Full_Duplex_Master
PB13.Signal=SPI2_SCK
PB14.Mode=Full_Duplex_Master
PB14.Signal=SPI2_MISO
PB15.Mode=Full_Duplex_Master
PB15.Signal=SPI2_MOSI
PB3.Mode=Full_Duplex_Master
PB3.Signal=SPI1_SCK
PB4.Locked=true
PB4.Mode=Full_Duplex_Master
PB4.Signal=SPI1_MISO
PB5.Locked=true
PB5.Mode=Full_Duplex_Master
PB5.Signal=SPI1_MOSI
PB6.Mode=I2C
PB6.Signal=I2C1_SCL
PB7.Mode=I2C
PB7.Signal=I2C1_SDA
PC0.Signal=ADCx_IN10
PC1.Signal=ADCx_IN11
PC10.Mode=Asynchronous
PC10.Signal=USART3_TX
PC11.Mode=Asynchronous
PC11.Signal=USART3_RX
PC14-OSC32_IN.Mode=LSE-External-Oscillator
PC14-OSC32_IN.Signal=RCC_OSC32_IN
PC15-OSC32_OUT.Mode=LSE-External-Oscillator
PC15-OSC32_OUT.Signal=RCC_OSC32_OUT
PC2.Signal=ADCx_IN12
PC3.Signal=ADCx_IN13
PC4.Signal=ADCx_IN14
PC5.Signal=ADCx_IN15
PC9.Mode=I2C
PC9.Signal=I2C3_SDA
PCC.Family=STM32F4
PCC.MCU=STM32F417V(E-G)Tx
PCC.MXVersion=4.5.0
PCC.PartNumber=STM32F417VETx
PCC.Seq0=0
PCC.SubFamily=STM32F407/417
PCC.Temperature=25
PCC.Vdd=3.3
PD0.Signal=FSMC_D2_DA2
PD1.Signal=FSMC_D3_DA3
PD10.Signal=FSMC_D15_DA15
PD11.Signal=FSMC_A16_CLE
PD12.Signal=FSMC_A17_ALE
PD14.Signal=FSMC_D0_DA0
PD15.Signal=FSMC_D1_DA1
PD4.Signal=FSMC_NOE
PD5.Signal=FSMC_NWE
PD6.Signal=FSMC_NWAIT
PD7.Mode=NandChipSelect2_1
PD7.Signal=FSMC_NCE2
PD8.Signal=FSMC_D13_DA13
PD9.Signal=FSMC_D14_DA14
PE10.Signal=FSMC_D7_DA7
PE11.Signal=FSMC_D8_DA8
PE12.Signal=FSMC_D9_DA9
PE13.Signal=FSMC_D10_DA10
PE14.Signal=FSMC_D11_DA11
PE15.Signal=FSMC_D12_DA12
PE7.Signal=FSMC_D4_DA4
PE8.Signal=FSMC_D5_DA5
PE9.Signal=FSMC_D6_DA6
PH0-OSC_IN.Mode=HSE-External-Oscillator
PH0-OSC_IN.Signal=RCC_OSC_IN
PH1-OSC_OUT.Mode=HSE-External-Oscillator
PH1-OSC_OUT.Signal=RCC_OSC_OUT
RCC.48MHZClocksFreq_Value=48000000
RCC.AHBFreq_Value=25000000
RCC.APB1Freq_Value=25000000
RCC.APB1TimFreq_Value=25000000
RCC.APB2Freq_Value=25000000
RCC.APB2TimFreq_Value=25000000
RCC.CortexFreq_Value=3125000
RCC.EthernetFreq_Value=25000000
RCC.FCLKCortexFreq_Value=25000000
RCC.FamilyName=M
RCC.HCLKFreq_Value=25000000
RCC.HSE_VALUE=25000000
RCC.HSI_VALUE=16000000
RCC.I2SClocksFreq_Value=96000000
RCC.IPParameters=HCLKFreq_Value,SYSCLKFreq_VALUE,I2SClocksFreq_Value,PLLCLKFreq_Value,FamilyName,RTCHSEDivFreq_Value,RTCFreq_Value,LSE_VALUE,SYSCLKSource,MCO2PinFreq_Value,CortexFreq_Value,FCLKCortexFreq_Value,APB2Freq_Value,VCOI2SOutputFreq_Value,APB2TimFreq_Value,HSE_VALUE,HSI_VALUE,VcooutputI2S,APB1TimFreq_Value,APB1Freq_Value,48MHZClocksFreq_Value,AHBFreq_Value,LSI_VALUE,VCOInputFreq_Value,EthernetFreq_Value,VCOOutputFreq_Value
RCC.LSE_VALUE=32768
RCC.LSI_VALUE=32000
RCC.MCO2PinFreq_Value=25000000
RCC.PLLCLKFreq_Value=96000000
RCC.RTCFreq_Value=32000
RCC.RTCHSEDivFreq_Value=12500000
RCC.SYSCLKFreq_VALUE=25000000
RCC.SYSCLKSource=RCC_SYSCLKSOURCE_HSE
RCC.VCOI2SOutputFreq_Value=192000000
RCC.VCOInputFreq_Value=1000000
RCC.VCOOutputFreq_Value=192000000
RCC.VcooutputI2S=96000000
SH.ADCx_IN10.0=ADC1_IN10,IN10
SH.ADCx_IN10.1=ADC2_IN10,IN10
SH.ADCx_IN10.ConfNb=2
SH.ADCx_IN11.0=ADC1_IN11,IN11
SH.ADCx_IN11.1=ADC2_IN11,IN11
SH.ADCx_IN11.ConfNb=2
SH.ADCx_IN12.0=ADC1_IN12,IN12
SH.ADCx_IN12.1=ADC2_IN12,IN12
SH.ADCx_IN12.ConfNb=2
SH.ADCx_IN13.0=ADC1_IN13,IN13
SH.ADCx_IN13.1=ADC2_IN13,IN13
SH.ADCx_IN13.ConfNb=2
SH.ADCx_IN14.0=ADC1_IN14,IN14
SH.ADCx_IN14.1=ADC2_IN14,IN14
SH.ADCx_IN14.ConfNb=2
SH.ADCx_IN15.0=ADC1_IN15,IN15
SH.ADCx_IN15.1=ADC2_IN15,IN15
SH.ADCx_IN15.ConfNb=2
SH.ADCx_IN8.0=ADC1_IN8,IN8
SH.ADCx_IN8.1=ADC2_IN8,IN8
SH.ADCx_IN8.ConfNb=2
SH.ADCx_IN9.0=ADC1_IN9,IN9
SH.ADCx_IN9.1=ADC2_IN9,IN9
SH.ADCx_IN9.ConfNb=2
SH.COMP_DAC1_group.0=DAC_OUT1,DAC_OUT1
SH.COMP_DAC1_group.ConfNb=1
SH.COMP_DAC2_group.0=DAC_OUT2,DAC_OUT2
SH.COMP_DAC2_group.ConfNb=1
SH.FSMC_A16_CLE.0=FSMC_CLE,16b-dmux1
SH.FSMC_A16_CLE.ConfNb=1
SH.FSMC_A17_ALE.0=FSMC_ALE,16b-dmux1
SH.FSMC_A17_ALE.ConfNb=1
SH.FSMC_D0_DA0.0=FSMC_D0,16b-dmux1
SH.FSMC_D0_DA0.ConfNb=1
SH.FSMC_D10_DA10.0=FSMC_D10,16b-dmux1
SH.FSMC_D10_DA10.ConfNb=1
SH.FSMC_D11_DA11.0=FSMC_D11,16b-dmux1
SH.FSMC_D11_DA11.ConfNb=1
SH.FSMC_D12_DA12.0=FSMC_D12,16b-dmux1
SH.FSMC_D12_DA12.ConfNb=1
SH.FSMC_D13_DA13.0=FSMC_D13,16b-dmux1
SH.FSMC_D13_DA13.ConfNb=1
SH.FSMC_D14_DA14.0=FSMC_D14,16b-dmux1
SH.FSMC_D14_DA14.ConfNb=1
SH.FSMC_D15_DA15.0=FSMC_D15,16b-dmux1
SH.FSMC_D15_DA15.ConfNb=1
SH.FSMC_D1_DA1.0=FSMC_D1,16b-dmux1
SH.FSMC_D1_DA1.ConfNb=1
SH.FSMC_D2_DA2.0=FSMC_D2,16b-dmux1
SH.FSMC_D2_DA2.ConfNb=1
SH.FSMC_D3_DA3.0=FSMC_D3,16b-dmux1
SH.FSMC_D3_DA3.ConfNb=1
SH.FSMC_D4_DA4.0=FSMC_D4,16b-dmux1
SH.FSMC_D4_DA4.ConfNb=1
SH.FSMC_D5_DA5.0=FSMC_D5,16b-dmux1
SH.FSMC_D5_DA5.ConfNb=1
SH.FSMC_D6_DA6.0=FSMC_D6,16b-dmux1
SH.FSMC_D6_DA6.ConfNb=1
SH.FSMC_D7_DA7.0=FSMC_D7,16b-dmux1
SH.FSMC_D7_DA7.ConfNb=1
SH.FSMC_D8_DA8.0=FSMC_D8,16b-dmux1
SH.FSMC_D8_DA8.ConfNb=1
SH.FSMC_D9_DA9.0=FSMC_D9,16b-dmux1
SH.FSMC_D9_DA9.ConfNb=1
SH.FSMC_NOE.0=FSMC_NOE,16b-dmux1
SH.FSMC_NOE.ConfNb=1
SH.FSMC_NWAIT.0=FSMC_NWAIT,Wait1
SH.FSMC_NWAIT.ConfNb=1
SH.FSMC_NWE.0=FSMC_NWE,16b-dmux1
SH.FSMC_NWE.ConfNb=1
SPI1.CalculateBaudRate-Full_Duplex_Master=12.5 MBits/s
SPI1.IPParameters=CalculateBaudRate-Full_Duplex_Master,VirtualNSS,Mode-Full_Duplex_Master
SPI1.Mode-Full_Duplex_Master=SPI_MODE_MASTER
SPI1.VirtualNSS=VM_NSSHARD
SPI2.CalculateBaudRate-Full_Duplex_Master=12.5 MBits/s
SPI2.IPParameters=CalculateBaudRate-Full_Duplex_Master,VirtualNSS,Mode-Full_Duplex_Master
SPI2.Mode-Full_Duplex_Master=SPI_MODE_MASTER
SPI2.VirtualNSS=VM_NSSHARD
